
Microsoft Visual Studio Solution File, Format Version 12.00
# Visual Studio Version 16
VisualStudioVersion = 16.0.29911.84
MinimumVisualStudioVersion = 10.0.40219.1
Project("{9A19103F-16F7-4668-BE54-9A1E7A4F7556}") = "sibentek", "sibentek\sibentek.csproj", "{158F9EBD-09EC-4F28-9EA5-568CC220C491}"
EndProject
Project("{FAE04EC0-301F-11D3-BF4B-00C04F79EFBC}") = "Salary.Tests", "Salary.Tests\Salary.Tests.csproj", "{00467C51-E837-4E15-8370-E0D2B10568CE}"
EndProject
Global
	GlobalSection(SolutionConfigurationPlatforms) = preSolution
		Debug|Any CPU = Debug|Any CPU
		Release|Any CPU = Release|Any CPU
	EndGlobalSection
	GlobalSection(ProjectConfigurationPlatforms) = postSolution
		{158F9EBD-09EC-4F28-9EA5-568CC220C491}.Debug|Any CPU.ActiveCfg = Debug|Any CPU
		{158F9EBD-09EC-4F28-9EA5-568CC220C491}.Debug|Any CPU.Build.0 = Debug|Any CPU
		{158F9EBD-09EC-4F28-9EA5-568CC220C491}.Release|Any CPU.ActiveCfg = Release|Any CPU
		{158F9EBD-09EC-4F28-9EA5-568CC220C491}.Release|Any CPU.Build.0 = Release|Any CPU
		{00467C51-E837-4E15-8370-E0D2B10568CE}.Debug|Any CPU.ActiveCfg = Debug|Any CPU
		{00467C51-E837-4E15-8370-E0D2B10568CE}.Debug|Any CPU.Build.0 = Debug|Any CPU
		{00467C51-E837-4E15-8370-E0D2B10568CE}.Release|Any CPU.ActiveCfg = Release|Any CPU
		{00467C51-E837-4E15-8370-E0D2B10568CE}.Release|Any CPU.Build.0 = Release|Any CPU
	EndGlobalSection
	GlobalSection(SolutionProperties) = preSolution
		HideSolutionNode = FALSE
	EndGlobalSection
	GlobalSection(ExtensibilityGlobals) = postSolution
		SolutionGuid = {5F4FECEE-607A-439F-9AA0-C12086C5A7E6}
	EndGlobalSection
EndGlobal
